// !$*UTF8*$!
{
	archiveVersion = 1;
	classes = {
	};
	objectVersion = 55;
	objects = {

/* Begin PBXBuildFile section */
		6CD68E5D2886F49E00B6545E /* AppDelegate.swift in Sources */ = {isa = PBXBuildFile; fileRef = 6CD68E5C2886F49E00B6545E /* AppDelegate.swift */; };
		6CD68E5F2886F49E00B6545E /* SceneDelegate.swift in Sources */ = {isa = PBXBuildFile; fileRef = 6CD68E5E2886F49E00B6545E /* SceneDelegate.swift */; };
		6CD68E642886F49E00B6545E /* Main.storyboard in Resources */ = {isa = PBXBuildFile; fileRef = 6CD68E622886F49E00B6545E /* Main.storyboard */; };
		6CD68E672886F49E00B6545E /* ToDoListProject.xcdatamodeld in Sources */ = {isa = PBXBuildFile; fileRef = 6CD68E652886F49E00B6545E /* ToDoListProject.xcdatamodeld */; };
		6CD68E692886F4A000B6545E /* Assets.xcassets in Resources */ = {isa = PBXBuildFile; fileRef = 6CD68E682886F4A000B6545E /* Assets.xcassets */; };
		6CD68E6C2886F4A000B6545E /* LaunchScreen.storyboard in Resources */ = {isa = PBXBuildFile; fileRef = 6CD68E6A2886F4A000B6545E /* LaunchScreen.storyboard */; };
		6CD68E772886F4A000B6545E /* ToDoListProjectTests.swift in Sources */ = {isa = PBXBuildFile; fileRef = 6CD68E762886F4A000B6545E /* ToDoListProjectTests.swift */; };
		6CD68E812886F4A000B6545E /* ToDoListProjectUITests.swift in Sources */ = {isa = PBXBuildFile; fileRef = 6CD68E802886F4A000B6545E /* ToDoListProjectUITests.swift */; };
		6CD68E832886F4A000B6545E /* ToDoListProjectUITestsLaunchTests.swift in Sources */ = {isa = PBXBuildFile; fileRef = 6CD68E822886F4A000B6545E /* ToDoListProjectUITestsLaunchTests.swift */; };
		6CD68E902886F6D400B6545E /* ToDoTableViewController.swift in Sources */ = {isa = PBXBuildFile; fileRef = 6CD68E8F2886F6D400B6545E /* ToDoTableViewController.swift */; };
		6CD68E922886F79400B6545E /* ToDo.swift in Sources */ = {isa = PBXBuildFile; fileRef = 6CD68E912886F79400B6545E /* ToDo.swift */; };
/* End PBXBuildFile section */

/* Begin PBXContainerItemProxy section */
		6CD68E732886F4A000B6545E /* PBXContainerItemProxy */ = {
			isa = PBXContainerItemProxy;
			containerPortal = 6CD68E512886F49E00B6545E /* Project object */;
			proxyType = 1;
			remoteGlobalIDString = 6CD68E582886F49E00B6545E;
			remoteInfo = ToDoListProject;
		};
		6CD68E7D2886F4A000B6545E /* PBXContainerItemProxy */ = {
			isa = PBXContainerItemProxy;
			containerPortal = 6CD68E512886F49E00B6545E /* Project object */;
			proxyType = 1;
			remoteGlobalIDString = 6CD68E582886F49E00B6545E;
			remoteInfo = ToDoListProject;
		};
/* End PBXContainerItemProxy section */

/* Begin PBXFileReference section */
		6CD68E592886F49E00B6545E /* ToDoListProject.app */ = {isa = PBXFileReference; explicitFileType = wrapper.application; includeInIndex = 0; path = ToDoListProject.app; sourceTree = BUILT_PRODUCTS_DIR; };
		6CD68E5C2886F49E00B6545E /* AppDelegate.swift */ = {isa = PBXFileReference; lastKnownFileType = sourcecode.swift; path = AppDelegate.swift; sourceTree = "<group>"; };
		6CD68E5E2886F49E00B6545E /* SceneDelegate.swift */ = {isa = PBXFileReference; lastKnownFileType = sourcecode.swift; path = SceneDelegate.swift; sourceTree = "<group>"; };
		6CD68E632886F49E00B6545E /* Base */ = {isa = PBXFileReference; lastKnownFileType = file.storyboard; name = Base; path = Base.lproj/Main.storyboard; sourceTree = "<group>"; };
		6CD68E662886F49E00B6545E /* ToDoListProject.xcdatamodel */ = {isa = PBXFileReference; lastKnownFileType = wrapper.xcdatamodel; path = ToDoListProject.xcdatamodel; sourceTree = "<group>"; };
		6CD68E682886F4A000B6545E /* Assets.xcassets */ = {isa = PBXFileReference; lastKnownFileType = folder.assetcatalog; path = Assets.xcassets; sourceTree = "<group>"; };
		6CD68E6B2886F4A000B6545E /* Base */ = {isa = PBXFileReference; lastKnownFileType = file.storyboard; name = Base; path = Base.lproj/LaunchScreen.storyboard; sourceTree = "<group>"; };
		6CD68E6D2886F4A000B6545E /* Info.plist */ = {isa = PBXFileReference; lastKnownFileType = text.plist.xml; path = Info.plist; sourceTree = "<group>"; };
		6CD68E722886F4A000B6545E /* ToDoListProjectTests.xctest */ = {isa = PBXFileReference; explicitFileType = wrapper.cfbundle; includeInIndex = 0; path = ToDoListProjectTests.xctest; sourceTree = BUILT_PRODUCTS_DIR; };
		6CD68E762886F4A000B6545E /* ToDoListProjectTests.swift */ = {isa = PBXFileReference; lastKnownFileType = sourcecode.swift; path = ToDoListProjectTests.swift; sourceTree = "<group>"; };
		6CD68E7C2886F4A000B6545E /* ToDoListProjectUITests.xctest */ = {isa = PBXFileReference; explicitFileType = wrapper.cfbundle; includeInIndex = 0; path = ToDoListProjectUITests.xctest; sourceTree = BUILT_PRODUCTS_DIR; };
		6CD68E802886F4A000B6545E /* ToDoListProjectUITests.swift */ = {isa = PBXFileReference; lastKnownFileType = sourcecode.swift; path = ToDoListProjectUITests.swift; sourceTree = "<group>"; };
		6CD68E822886F4A000B6545E /* ToDoListProjectUITestsLaunchTests.swift */ = {isa = PBXFileReference; lastKnownFileType = sourcecode.swift; path = ToDoListProjectUITestsLaunchTests.swift; sourceTree = "<group>"; };
		6CD68E8F2886F6D400B6545E /* ToDoTableViewController.swift */ = {isa = PBXFileReference; lastKnownFileType = sourcecode.swift; path = ToDoTableViewController.swift; sourceTree = "<group>"; };
		6CD68E912886F79400B6545E /* ToDo.swift */ = {isa = PBXFileReference; lastKnownFileType = sourcecode.swift; path = ToDo.swift; sourceTree = "<group>"; };
/* End PBXFileReference section */

/* Begin PBXFrameworksBuildPhase section */
		6CD68E562886F49E00B6545E /* Frameworks */ = {
			isa = PBXFrameworksBuildPhase;
			buildActionMask = 2147483647;
			files = (
			);
			runOnlyForDeploymentPostprocessing = 0;
		};
		6CD68E6F2886F4A000B6545E /* Frameworks */ = {
			isa = PBXFrameworksBuildPhase;
			buildActionMask = 2147483647;
			files = (
			);
			runOnlyForDeploymentPostprocessing = 0;
		};
		6CD68E792886F4A000B6545E /* Frameworks */ = {
			isa = PBXFrameworksBuildPhase;
			buildActionMask = 2147483647;
			files = (
			);
			runOnlyForDeploymentPostprocessing = 0;
		};
/* End PBXFrameworksBuildPhase section */

/* Begin PBXGroup section */
		6CD68E502886F49E00B6545E = {
			isa = PBXGroup;
			children = (
				6CD68E5B2886F49E00B6545E /* ToDoListProject */,
				6CD68E752886F4A000B6545E /* ToDoListProjectTests */,
				6CD68E7F2886F4A000B6545E /* ToDoListProjectUITests */,
				6CD68E5A2886F49E00B6545E /* Products */,
			);
			sourceTree = "<group>";
		};
		6CD68E5A2886F49E00B6545E /* Products */ = {
			isa = PBXGroup;
			children = (
				6CD68E592886F49E00B6545E /* ToDoListProject.app */,
				6CD68E722886F4A000B6545E /* ToDoListProjectTests.xctest */,
				6CD68E7C2886F4A000B6545E /* ToDoListProjectUITests.xctest */,
			);
			name = Products;
			sourceTree = "<group>";
		};
		6CD68E5B2886F49E00B6545E /* ToDoListProject */ = {
			isa = PBXGroup;
			children = (
				6CD68E5C2886F49E00B6545E /* AppDelegate.swift */,
				6CD68E5E2886F49E00B6545E /* SceneDelegate.swift */,
				6CD68E622886F49E00B6545E /* Main.storyboard */,
				6CD68E912886F79400B6545E /* ToDo.swift */,
				6CD68E682886F4A000B6545E /* Assets.xcassets */,
				6CD68E6A2886F4A000B6545E /* LaunchScreen.storyboard */,
				6CD68E6D2886F4A000B6545E /* Info.plist */,
				6CD68E652886F49E00B6545E /* ToDoListProject.xcdatamodeld */,
				6CD68E8F2886F6D400B6545E /* ToDoTableViewController.swift */,
			);
			path = ToDoListProject;
			sourceTree = "<group>";
		};
		6CD68E752886F4A000B6545E /* ToDoListProjectTests */ = {
			isa = PBXGroup;
			children = (
				6CD68E762886F4A000B6545E /* ToDoListProjectTests.swift */,
			);
			path = ToDoListProjectTests;
			sourceTree = "<group>";
		};
		6CD68E7F2886F4A000B6545E /* ToDoListProjectUITests */ = {
			isa = PBXGroup;
			children = (
				6CD68E802886F4A000B6545E /* ToDoListProjectUITests.swift */,
				6CD68E822886F4A000B6545E /* ToDoListProjectUITestsLaunchTests.swift */,
			);
			path = ToDoListProjectUITests;
			sourceTree = "<group>";
		};
/* End PBXGroup section */

/* Begin PBXNativeTarget section */
		6CD68E582886F49E00B6545E /* ToDoListProject */ = {
			isa = PBXNativeTarget;
			buildConfigurationList = 6CD68E862886F4A000B6545E /* Build configuration list for PBXNativeTarget "ToDoListProject" */;
			buildPhases = (
				6CD68E552886F49E00B6545E /* Sources */,
				6CD68E562886F49E00B6545E /* Frameworks */,
				6CD68E572886F49E00B6545E /* Resources */,
			);
			buildRules = (
			);
			dependencies = (
			);
			name = ToDoListProject;
			productName = ToDoListProject;
			productReference = 6CD68E592886F49E00B6545E /* ToDoListProject.app */;
			productType = "com.apple.product-type.application";
		};
		6CD68E712886F4A000B6545E /* ToDoListProjectTests */ = {
			isa = PBXNativeTarget;
			buildConfigurationList = 6CD68E892886F4A000B6545E /* Build configuration list for PBXNativeTarget "ToDoListProjectTests" */;
			buildPhases = (
				6CD68E6E2886F4A000B6545E /* Sources */,
				6CD68E6F2886F4A000B6545E /* Frameworks */,
				6CD68E702886F4A000B6545E /* Resources */,
			);
			buildRules = (
			);
			dependencies = (
				6CD68E742886F4A000B6545E /* PBXTargetDependency */,
			);
			name = ToDoListProjectTests;
			productName = ToDoListProjectTests;
			productReference = 6CD68E722886F4A000B6545E /* ToDoListProjectTests.xctest */;
			productType = "com.apple.product-type.bundle.unit-test";
		};
		6CD68E7B2886F4A000B6545E /* ToDoListProjectUITests */ = {
			isa = PBXNativeTarget;
			buildConfigurationList = 6CD68E8C2886F4A000B6545E /* Build configuration list for PBXNativeTarget "ToDoListProjectUITests" */;
			buildPhases = (
				6CD68E782886F4A000B6545E /* Sources */,
				6CD68E792886F4A000B6545E /* Frameworks */,
				6CD68E7A2886F4A000B6545E /* Resources */,
			);
			buildRules = (
			);
			dependencies = (
				6CD68E7E2886F4A000B6545E /* PBXTargetDependency */,
			);
			name = ToDoListProjectUITests;
			productName = ToDoListProjectUITests;
			productReference = 6CD68E7C2886F4A000B6545E /* ToDoListProjectUITests.xctest */;
			productType = "com.apple.product-type.bundle.ui-testing";
		};
/* End PBXNativeTarget section */

/* Begin PBXProject section */
		6CD68E512886F49E00B6545E /* Project object */ = {
			isa = PBXProject;
			attributes = {
				BuildIndependentTargetsInParallel = 1;
				LastSwiftUpdateCheck = 1340;
				LastUpgradeCheck = 1340;
				TargetAttributes = {
					6CD68E582886F49E00B6545E = {
						CreatedOnToolsVersion = 13.4;
					};
					6CD68E712886F4A000B6545E = {
						CreatedOnToolsVersion = 13.4;
						TestTargetID = 6CD68E582886F49E00B6545E;
					};
					6CD68E7B2886F4A000B6545E = {
						CreatedOnToolsVersion = 13.4;
						TestTargetID = 6CD68E582886F49E00B6545E;
					};
				};
			};
			buildConfigurationList = 6CD68E542886F49E00B6545E /* Build configuration list for PBXProject "ToDoListProject" */;
			compatibilityVersion = "Xcode 13.0";
			developmentRegion = en;
			hasScannedForEncodings = 0;
			knownRegions = (
				en,
				Base,
			);
			mainGroup = 6CD68E502886F49E00B6545E;
			productRefGroup = 6CD68E5A2886F49E00B6545E /* Products */;
			projectDirPath = "";
			projectRoot = "";
			targets = (
				6CD68E582886F49E00B6545E /* ToDoListProject */,
				6CD68E712886F4A000B6545E /* ToDoListProjectTests */,
				6CD68E7B2886F4A000B6545E /* ToDoListProjectUITests */,
			);
		};
/* End PBXProject section */

/* Begin PBXResourcesBuildPhase section */
		6CD68E572886F49E00B6545E /* Resources */ = {
			isa = PBXResourcesBuildPhase;
			buildActionMask = 2147483647;
			files = (
				6CD68E6C2886F4A000B6545E /* LaunchScreen.storyboard in Resources */,
				6CD68E692886F4A000B6545E /* Assets.xcassets in Resources */,
				6CD68E642886F49E00B6545E /* Main.storyboard in Resources */,
			);
			runOnlyForDeploymentPostprocessing = 0;
		};
		6CD68E702886F4A000B6545E /* Resources */ = {
			isa = PBXResourcesBuildPhase;
			buildActionMask = 2147483647;
			files = (
			);
			runOnlyForDeploymentPostprocessing = 0;
		};
		6CD68E7A2886F4A000B6545E /* Resources */ = {
			isa = PBXResourcesBuildPhase;
			buildActionMask = 2147483647;
			files = (
			);
			runOnlyForDeploymentPostprocessing = 0;
		};
/* End PBXResourcesBuildPhase section */

/* Begin PBXSourcesBuildPhase section */
		6CD68E552886F49E00B6545E /* Sources */ = {
			isa = PBXSourcesBuildPhase;
			buildActionMask = 2147483647;
			files = (
				6CD68E672886F49E00B6545E /* ToDoListProject.xcdatamodeld in Sources */,
				6CD68E922886F79400B6545E /* ToDo.swift in Sources */,
				6CD68E902886F6D400B6545E /* ToDoTableViewController.swift in Sources */,
				6CD68E5D2886F49E00B6545E /* AppDelegate.swift in Sources */,
				6CD68E5F2886F49E00B6545E /* SceneDelegate.swift in Sources */,
			);
			runOnlyForDeploymentPostprocessing = 0;
		};
		6CD68E6E2886F4A000B6545E /* Sources */ = {
			isa = PBXSourcesBuildPhase;
			buildActionMask = 2147483647;
			files = (
				6CD68E772886F4A000B6545E /* ToDoListProjectTests.swift in Sources */,
			);
			runOnlyForDeploymentPostprocessing = 0;
		};
		6CD68E782886F4A000B6545E /* Sources */ = {
			isa = PBXSourcesBuildPhase;
			buildActionMask = 2147483647;
			files = (
				6CD68E832886F4A000B6545E /* ToDoListProjectUITestsLaunchTests.swift in Sources */,
				6CD68E812886F4A000B6545E /* ToDoListProjectUITests.swift in Sources */,
			);
			runOnlyForDeploymentPostprocessing = 0;
		};
/* End PBXSourcesBuildPhase section */

/* Begin PBXTargetDependency section */
		6CD68E742886F4A000B6545E /* PBXTargetDependency */ = {
			isa = PBXTargetDependency;
			target = 6CD68E582886F49E00B6545E /* ToDoListProject */;
			targetProxy = 6CD68E732886F4A000B6545E /* PBXContainerItemProxy */;
		};
		6CD68E7E2886F4A000B6545E /* PBXTargetDependency */ = {
			isa = PBXTargetDependency;
			target = 6CD68E582886F49E00B6545E /* ToDoListProject */;
			targetProxy = 6CD68E7D2886F4A000B6545E /* PBXContainerItemProxy */;
		};
/* End PBXTargetDependency section */

/* Begin PBXVariantGroup section */
		6CD68E622886F49E00B6545E /* Main.storyboard */ = {
			isa = PBXVariantGroup;
			children = (
				6CD68E632886F49E00B6545E /* Base */,
			);
			name = Main.storyboard;
			sourceTree = "<group>";
		};
		6CD68E6A2886F4A000B6545E /* LaunchScreen.storyboard */ = {
			isa = PBXVariantGroup;
			children = (
				6CD68E6B2886F4A000B6545E /* Base */,
			);
			name = LaunchScreen.storyboard;
			sourceTree = "<group>";
		};
/* End PBXVariantGroup section */

/* Begin XCBuildConfiguration section */
		6CD68E842886F4A000B6545E /* Debug */ = {
			isa = XCBuildConfiguration;
			buildSettings = {
				ALWAYS_SEARCH_USER_PATHS = NO;
				CLANG_ANALYZER_NONNULL = YES;
				CLANG_ANALYZER_NUMBER_OBJECT_CONVERSION = YES_AGGRESSIVE;
				CLANG_CXX_LANGUAGE_STANDARD = "gnu++17";
				CLANG_ENABLE_MODULES = YES;
				CLANG_ENABLE_OBJC_ARC = YES;
				CLANG_ENABLE_OBJC_WEAK = YES;
				CLANG_WARN_BLOCK_CAPTURE_AUTORELEASING = YES;
				CLANG_WARN_BOOL_CONVERSION = YES;
				CLANG_WARN_COMMA = YES;
				CLANG_WARN_CONSTANT_CONVERSION = YES;
				CLANG_WARN_DEPRECATED_OBJC_IMPLEMENTATIONS = YES;
				CLANG_WARN_DIRECT_OBJC_ISA_USAGE = YES_ERROR;
				CLANG_WARN_DOCUMENTATION_COMMENTS = YES;
				CLANG_WARN_EMPTY_BODY = YES;
				CLANG_WARN_ENUM_CONVERSION = YES;
				CLANG_WARN_INFINITE_RECURSION = YES;
				CLANG_WARN_INT_CONVERSION = YES;
				CLANG_WARN_NON_LITERAL_NULL_CONVERSION = YES;
				CLANG_WARN_OBJC_IMPLICIT_RETAIN_SELF = YES;
				CLANG_WARN_OBJC_LITERAL_CONVERSION = YES;
				CLANG_WARN_OBJC_ROOT_CLASS = YES_ERROR;
				CLANG_WARN_QUOTED_INCLUDE_IN_FRAMEWORK_HEADER = YES;
				CLANG_WARN_RANGE_LOOP_ANALYSIS = YES;
				CLANG_WARN_STRICT_PROTOTYPES = YES;
				CLANG_WARN_SUSPICIOUS_MOVE = YES;
				CLANG_WARN_UNGUARDED_AVAILABILITY = YES_AGGRESSIVE;
				CLANG_WARN_UNREACHABLE_CODE = YES;
				CLANG_WARN__DUPLICATE_METHOD_MATCH = YES;
				COPY_PHASE_STRIP = NO;
				DEBUG_INFORMATION_FORMAT = dwarf;
				ENABLE_STRICT_OBJC_MSGSEND = YES;
				ENABLE_TESTABILITY = YES;
				GCC_C_LANGUAGE_STANDARD = gnu11;
				GCC_DYNAMIC_NO_PIC = NO;
				GCC_NO_COMMON_BLOCKS = YES;
				GCC_OPTIMIZATION_LEVEL = 0;
				GCC_PREPROCESSOR_DEFINITIONS = (
					"DEBUG=1",
					"$(inherited)",
				);
				GCC_WARN_64_TO_32_BIT_CONVERSION = YES;
				GCC_WARN_ABOUT_RETURN_TYPE = YES_ERROR;
				GCC_WARN_UNDECLARED_SELECTOR = YES;
				GCC_WARN_UNINITIALIZED_AUTOS = YES_AGGRESSIVE;
				GCC_WARN_UNUSED_FUNCTION = YES;
				GCC_WARN_UNUSED_VARIABLE = YES;
				IPHONEOS_DEPLOYMENT_TARGET = 15.5;
				MTL_ENABLE_DEBUG_INFO = INCLUDE_SOURCE;
				MTL_FAST_MATH = YES;
				ONLY_ACTIVE_ARCH = YES;
				SDKROOT = iphoneos;
				SWIFT_ACTIVE_COMPILATION_CONDITIONS = DEBUG;
				SWIFT_OPTIMIZATION_LEVEL = "-Onone";
			};
			name = Debug;
		};
		6CD68E852886F4A000B6545E /* Release */ = {
			isa = XCBuildConfiguration;
			buildSettings = {
				ALWAYS_SEARCH_USER_PATHS = NO;
				CLANG_ANALYZER_NONNULL = YES;
				CLANG_ANALYZER_NUMBER_OBJECT_CONVERSION = YES_AGGRESSIVE;
				CLANG_CXX_LANGUAGE_STANDARD = "gnu++17";
				CLANG_ENABLE_MODULES = YES;
				CLANG_ENABLE_OBJC_ARC = YES;
				CLANG_ENABLE_OBJC_WEAK = YES;
				CLANG_WARN_BLOCK_CAPTURE_AUTORELEASING = YES;
				CLANG_WARN_BOOL_CONVERSION = YES;
				CLANG_WARN_COMMA = YES;
				CLANG_WARN_CONSTANT_CONVERSION = YES;
				CLANG_WARN_DEPRECATED_OBJC_IMPLEMENTATIONS = YES;
				CLANG_WARN_DIRECT_OBJC_ISA_USAGE = YES_ERROR;
				CLANG_WARN_DOCUMENTATION_COMMENTS = YES;
				CLANG_WARN_EMPTY_BODY = YES;
				CLANG_WARN_ENUM_CONVERSION = YES;
				CLANG_WARN_INFINITE_RECURSION = YES;
				CLANG_WARN_INT_CONVERSION = YES;
				CLANG_WARN_NON_LITERAL_NULL_CONVERSION = YES;
				CLANG_WARN_OBJC_IMPLICIT_RETAIN_SELF = YES;
				CLANG_WARN_OBJC_LITERAL_CONVERSION = YES;
				CLANG_WARN_OBJC_ROOT_CLASS = YES_ERROR;
				CLANG_WARN_QUOTED_INCLUDE_IN_FRAMEWORK_HEADER = YES;
				CLANG_WARN_RANGE_LOOP_ANALYSIS = YES;
				CLANG_WARN_STRICT_PROTOTYPES = YES;
				CLANG_WARN_SUSPICIOUS_MOVE = YES;
				CLANG_WARN_UNGUARDED_AVAILABILITY = YES_AGGRESSIVE;
				CLANG_WARN_UNREACHABLE_CODE = YES;
				CLANG_WARN__DUPLICATE_METHOD_MATCH = YES;
				COPY_PHASE_STRIP = NO;
				DEBUG_INFORMATION_FORMAT = "dwarf-with-dsym";
				ENABLE_NS_ASSERTIONS = NO;
				ENABLE_STRICT_OBJC_MSGSEND = YES;
				GCC_C_LANGUAGE_STANDARD = gnu11;
				GCC_NO_COMMON_BLOCKS = YES;
				GCC_WARN_64_TO_32_BIT_CONVERSION = YES;
				GCC_WARN_ABOUT_RETURN_TYPE = YES_ERROR;
				GCC_WARN_UNDECLARED_SELECTOR = YES;
				GCC_WARN_UNINITIALIZED_AUTOS = YES_AGGRESSIVE;
				GCC_WARN_UNUSED_FUNCTION = YES;
				GCC_WARN_UNUSED_VARIABLE = YES;
				IPHONEOS_DEPLOYMENT_TARGET = 15.5;
				MTL_ENABLE_DEBUG_INFO = NO;
				MTL_FAST_MATH = YES;
				SDKROOT = iphoneos;
				SWIFT_COMPILATION_MODE = wholemodule;
				SWIFT_OPTIMIZATION_LEVEL = "-O";
				VALIDATE_PRODUCT = YES;
			};
			name = Release;
		};
		6CD68E872886F4A000B6545E /* Debug */ = {
			isa = XCBuildConfiguration;
			buildSettings = {
				ASSETCATALOG_COMPILER_APPICON_NAME = AppIcon;
				ASSETCATALOG_COMPILER_GLOBAL_ACCENT_COLOR_NAME = AccentColor;
				CODE_SIGN_STYLE = Automatic;
				CURRENT_PROJECT_VERSION = 1;
				GENERATE_INFOPLIST_FILE = YES;
				INFOPLIST_FILE = ToDoListProject/Info.plist;
				INFOPLIST_KEY_UIApplicationSupportsIndirectInputEvents = YES;
				INFOPLIST_KEY_UILaunchStoryboardName = LaunchScreen;
				INFOPLIST_KEY_UIMainStoryboardFile = Main;
				INFOPLIST_KEY_UISupportedInterfaceOrientations_iPad = "UIInterfaceOrientationPortrait UIInterfaceOrientationPortraitUpsideDown UIInterfaceOrientationLandscapeLeft UIInterfaceOrientationLandscapeRight";
				INFOPLIST_KEY_UISupportedInterfaceOrientations_iPhone = "UIInterfaceOrientationPortrait UIInterfaceOrientationLandscapeLeft UIInterfaceOrientationLandscapeRight";
				LD_RUNPATH_SEARCH_PATHS = (
					"$(inherited)",
					"@executable_path/Frameworks",
				);
				MARKETING_VERSION = 1.0;
				PRODUCT_BUNDLE_IDENTIFIER = com.example.kwk.ToDoListProject;
				PRODUCT_NAME = "$(TARGET_NAME)";
				SWIFT_EMIT_LOC_STRINGS = YES;
				SWIFT_VERSION = 5.0;
				TARGETED_DEVICE_FAMILY = "1,2";
			};
			name = Debug;
		};
		6CD68E882886F4A000B6545E /* Release */ = {
			isa = XCBuildConfiguration;
			buildSettings = {
				ASSETCATALOG_COMPILER_APPICON_NAME = AppIcon;
				ASSETCATALOG_COMPILER_GLOBAL_ACCENT_COLOR_NAME = AccentColor;
				CODE_SIGN_STYLE = Automatic;
				CURRENT_PROJECT_VERSION = 1;
				GENERATE_INFOPLIST_FILE = YES;
				INFOPLIST_FILE = ToDoListProject/Info.plist;
				INFOPLIST_KEY_UIApplicationSupportsIndirectInputEvents = YES;
				INFOPLIST_KEY_UILaunchStoryboardName = LaunchScreen;
				INFOPLIST_KEY_UIMainStoryboardFile = Main;
				INFOPLIST_KEY_UISupportedInterfaceOrientations_iPad = "UIInterfaceOrientationPortrait UIInterfaceOrientationPortraitUpsideDown UIInterfaceOrientationLandscapeLeft UIInterfaceOrientationLandscapeRight";
				INFOPLIST_KEY_UISupportedInterfaceOrientations_iPhone = "UIInterfaceOrientationPortrait UIInterfaceOrientationLandscapeLeft UIInterfaceOrientationLandscapeRight";
				LD_RUNPATH_SEARCH_PATHS = (
					"$(inherited)",
					"@executable_path/Frameworks",
				);
				MARKETING_VERSION = 1.0;
				PRODUCT_BUNDLE_IDENTIFIER = com.example.kwk.ToDoListProject;
				PRODUCT_NAME = "$(TARGET_NAME)";
				SWIFT_EMIT_LOC_STRINGS = YES;
				SWIFT_VERSION = 5.0;
				TARGETED_DEVICE_FAMILY = "1,2";
			};
			name = Release;
		};
		6CD68E8A2886F4A000B6545E /* Debug */ = {
			isa = XCBuildConfiguration;
			buildSettings = {
				ALWAYS_EMBED_SWIFT_STANDARD_LIBRARIES = YES;
				BUNDLE_LOADER = "$(TEST_HOST)";
				CODE_SIGN_STYLE = Automatic;
				CURRENT_PROJECT_VERSION = 1;
				GENERATE_INFOPLIST_FILE = YES;
				IPHONEOS_DEPLOYMENT_TARGET = 15.5;
				MARKETING_VERSION = 1.0;
				PRODUCT_BUNDLE_IDENTIFIER = com.example.kwk.ToDoListProjectTests;
				PRODUCT_NAME = "$(TARGET_NAME)";
				SWIFT_EMIT_LOC_STRINGS = NO;
				SWIFT_VERSION = 5.0;
				TARGETED_DEVICE_FAMILY = "1,2";
				TEST_HOST = "$(BUILT_PRODUCTS_DIR)/ToDoListProject.app/ToDoListProject";
			};
			name = Debug;
		};
		6CD68E8B2886F4A000B6545E /* Release */ = {
			isa = XCBuildConfiguration;
			buildSettings = {
				ALWAYS_EMBED_SWIFT_STANDARD_LIBRARIES = YES;
				BUNDLE_LOADER = "$(TEST_HOST)";
				CODE_SIGN_STYLE = Automatic;
				CURRENT_PROJECT_VERSION = 1;
				GENERATE_INFOPLIST_FILE = YES;
				IPHONEOS_DEPLOYMENT_TARGET = 15.5;
				MARKETING_VERSION = 1.0;
				PRODUCT_BUNDLE_IDENTIFIER = com.example.kwk.ToDoListProjectTests;
				PRODUCT_NAME = "$(TARGET_NAME)";
				SWIFT_EMIT_LOC_STRINGS = NO;
				SWIFT_VERSION = 5.0;
				TARGETED_DEVICE_FAMILY = "1,2";
				TEST_HOST = "$(BUILT_PRODUCTS_DIR)/ToDoListProject.app/ToDoListProject";
			};
			name = Release;
		};
		6CD68E8D2886F4A000B6545E /* Debug */ = {
			isa = XCBuildConfiguration;
			buildSettings = {
				ALWAYS_EMBED_SWIFT_STANDARD_LIBRARIES = YES;
				CODE_SIGN_STYLE = Automatic;
				CURRENT_PROJECT_VERSION = 1;
				GENERATE_INFOPLIST_FILE = YES;
				MARKETING_VERSION = 1.0;
				PRODUCT_BUNDLE_IDENTIFIER = com.example.kwk.ToDoListProjectUITests;
				PRODUCT_NAME = "$(TARGET_NAME)";
				SWIFT_EMIT_LOC_STRINGS = NO;
				SWIFT_VERSION = 5.0;
				TARGETED_DEVICE_FAMILY = "1,2";
				TEST_TARGET_NAME = ToDoListProject;
			};
			name = Debug;
		};
		6CD68E8E2886F4A000B6545E /* Release */ = {
			isa = XCBuildConfiguration;
			buildSettings = {
				ALWAYS_EMBED_SWIFT_STANDARD_LIBRARIES = YES;
				CODE_SIGN_STYLE = Automatic;
				CURRENT_PROJECT_VERSION = 1;
				GENERATE_INFOPLIST_FILE = YES;
				MARKETING_VERSION = 1.0;
				PRODUCT_BUNDLE_IDENTIFIER = com.example.kwk.ToDoListProjectUITests;
				PRODUCT_NAME = "$(TARGET_NAME)";
				SWIFT_EMIT_LOC_STRINGS = NO;
				SWIFT_VERSION = 5.0;
				TARGETED_DEVICE_FAMILY = "1,2";
				TEST_TARGET_NAME = ToDoListProject;
			};
			name = Release;
		};
/* End XCBuildConfiguration section */

/* Begin XCConfigurationList section */
		6CD68E542886F49E00B6545E /* Build configuration list for PBXProject "ToDoListProject" */ = {
			isa = XCConfigurationList;
			buildConfigurations = (
				6CD68E842886F4A000B6545E /* Debug */,
				6CD68E852886F4A000B6545E /* Release */,
			);
			defaultConfigurationIsVisible = 0;
			defaultConfigurationName = Release;
		};
		6CD68E862886F4A000B6545E /* Build configuration list for PBXNativeTarget "ToDoListProject" */ = {
			isa = XCConfigurationList;
			buildConfigurations = (
				6CD68E872886F4A000B6545E /* Debug */,
				6CD68E882886F4A000B6545E /* Release */,
			);
			defaultConfigurationIsVisible = 0;
			defaultConfigurationName = Release;
		};
		6CD68E892886F4A000B6545E /* Build configuration list for PBXNativeTarget "ToDoListProjectTests" */ = {
			isa = XCConfigurationList;
			buildConfigurations = (
				6CD68E8A2886F4A000B6545E /* Debug */,
				6CD68E8B2886F4A000B6545E /* Release */,
			);
			defaultConfigurationIsVisible = 0;
			defaultConfigurationName = Release;
		};
		6CD68E8C2886F4A000B6545E /* Build configuration list for PBXNativeTarget "ToDoListProjectUITests" */ = {
			isa = XCConfigurationList;
			buildConfigurations = (
				6CD68E8D2886F4A000B6545E /* Debug */,
				6CD68E8E2886F4A000B6545E /* Release */,
			);
			defaultConfigurationIsVisible = 0;
			defaultConfigurationName = Release;
		};
/* End XCConfigurationList section */

/* Begin XCVersionGroup section */
		6CD68E652886F49E00B6545E /* ToDoListProject.xcdatamodeld */ = {
			isa = XCVersionGroup;
			children = (
				6CD68E662886F49E00B6545E /* ToDoListProject.xcdatamodel */,
			);
			currentVersion = 6CD68E662886F49E00B6545E /* ToDoListProject.xcdatamodel */;
			path = ToDoListProject.xcdatamodeld;
			sourceTree = "<group>";
			versionGroupType = wrapper.xcdatamodel;
		};
/* End XCVersionGroup section */
	};
	rootObject = 6CD68E512886F49E00B6545E /* Project object */;
}
